
Microsoft Visual Studio Solution File, Format Version 12.00
# Visual Studio Version 16
VisualStudioVersion = 16.0.31424.327
MinimumVisualStudioVersion = 10.0.40219.1
Project("{FAE04EC0-301F-11D3-BF4B-00C04F79EFBC}") = "Task3_1", "Task3_1\Task3_1.csproj", "{6BCB7DAF-DDC4-426E-98F9-EF863830C369}"
EndProject
Project("{FAE04EC0-301F-11D3-BF4B-00C04F79EFBC}") = "Task3_1_1", "Task3_1_1\Task3_1_1.csproj", "{B81EB8AC-AB87-4C79-BEA9-279E34EEE001}"
EndProject
Project("{FAE04EC0-301F-11D3-BF4B-00C04F79EFBC}") = "Task3_1_2", "Task3_1_2\Task3_1_2.csproj", "{9EE96BB7-2906-4DA9-BE5F-548AEF0C651D}"
EndProject
Global
	GlobalSection(SolutionConfigurationPlatforms) = preSolution
		Debug|Any CPU = Debug|Any CPU
		Release|Any CPU = Release|Any CPU
	EndGlobalSection
	GlobalSection(ProjectConfigurationPlatforms) = postSolution
		{6BCB7DAF-DDC4-426E-98F9-EF863830C369}.Debug|Any CPU.ActiveCfg = Debug|Any CPU
		{6BCB7DAF-DDC4-426E-98F9-EF863830C369}.Debug|Any CPU.Build.0 = Debug|Any CPU
		{6BCB7DAF-DDC4-426E-98F9-EF863830C369}.Release|Any CPU.ActiveCfg = Release|Any CPU
		{6BCB7DAF-DDC4-426E-98F9-EF863830C369}.Release|Any CPU.Build.0 = Release|Any CPU
		{B81EB8AC-AB87-4C79-BEA9-279E34EEE001}.Debug|Any CPU.ActiveCfg = Debug|Any CPU
		{B81EB8AC-AB87-4C79-BEA9-279E34EEE001}.Debug|Any CPU.Build.0 = Debug|Any CPU
		{B81EB8AC-AB87-4C79-BEA9-279E34EEE001}.Release|Any CPU.ActiveCfg = Release|Any CPU
		{B81EB8AC-AB87-4C79-BEA9-279E34EEE001}.Release|Any CPU.Build.0 = Release|Any CPU
		{9EE96BB7-2906-4DA9-BE5F-548AEF0C651D}.Debug|Any CPU.ActiveCfg = Debug|Any CPU
		{9EE96BB7-2906-4DA9-BE5F-548AEF0C651D}.Debug|Any CPU.Build.0 = Debug|Any CPU
		{9EE96BB7-2906-4DA9-BE5F-548AEF0C651D}.Release|Any CPU.ActiveCfg = Release|Any CPU
		{9EE96BB7-2906-4DA9-BE5F-548AEF0C651D}.Release|Any CPU.Build.0 = Release|Any CPU
	EndGlobalSection
	GlobalSection(SolutionProperties) = preSolution
		HideSolutionNode = FALSE
	EndGlobalSection
	GlobalSection(ExtensibilityGlobals) = postSolution
		SolutionGuid = {DAFBCD31-B4A1-4C8E-89D7-89630C6B91D7}
	EndGlobalSection
EndGlobal
